{
  "name": "simple-csr-generator",
  "version": "3.0.1",
  "lockfileVersion": 3,
  "requires": true,
  "packages": {
    "": {
      "name": "simple-csr-generator",
      "version": "3.0.1",
      "license": "Apache-2.0",
      "dependencies": {
        "simple-asn1": "^3.0.1"
      }
    },
    "node_modules/simple-asn1": {
      "version": "3.0.1",
      "resolved": "https://registry.npmjs.org/simple-asn1/-/simple-asn1-3.0.1.tgz",
      "integrity": "sha512-PyCgLP9xUjPaMU1r6hy/c5t+cVvkwC267Aeh24vjYpbe7Ru4BYuDuhvIaf/A3MRnr5dfK22qMGII7gFwtlelRA==",
      "license": "Apache-2.0"
    }
  }
}
