{
  "name": "simple-csr-generator",
  "version": "1.0.9",
  "lockfileVersion": 3,
  "requires": true,
  "packages": {
    "": {
      "name": "simple-csr-generator",
      "version": "1.0.9",
      "license": "Apache-2.0",
      "dependencies": {
        "simple-asn1": "^1.0.7"
      }
    },
    "node_modules/simple-asn1": {
      "version": "1.0.7",
      "resolved": "https://registry.npmjs.org/simple-asn1/-/simple-asn1-1.0.7.tgz",
      "integrity": "sha512-1yF816kekca8sOVLsaKXd7h06z7sqoRh1JLxQ0ZnPmMcTW1jJMgiVg5iqLMPr1kRkzhWxsouv1PZ+PkqFPDPfQ==",
      "license": "Apache-2.0"
    }
  }
}
