{
  "name": "simple-csr-generator",
  "version": "1.0.12",
  "lockfileVersion": 3,
  "requires": true,
  "packages": {
    "": {
      "name": "simple-csr-generator",
      "version": "1.0.12",
      "license": "Apache-2.0",
      "dependencies": {
        "simple-asn1": "^2.0.2"
      }
    },
    "node_modules/simple-asn1": {
      "version": "2.0.2",
      "resolved": "https://registry.npmjs.org/simple-asn1/-/simple-asn1-2.0.2.tgz",
      "integrity": "sha512-wJLJLplA+EOEN8hXHEaVGilw3dV+nsOsslWDihgrYKXM3ZzjqRIbVzHznrWFdJEaozVtkN4d03ugWO4P0oR+3g==",
      "license": "Apache-2.0"
    }
  }
}
